
Microsoft Visual Studio Solution File, Format Version 12.00
# Visual Studio Version 17
VisualStudioVersion = 17.0.31912.275
MinimumVisualStudioVersion = 10.0.40219.1
Project("{FAE04EC0-301F-11D3-BF4B-00C04F79EFBC}") = "Modul_16", "Modul_16\Modul_16.csproj", "{1B60E7DF-242E-48FE-88E9-887A751E52C6}"
EndProject
Project("{FAE04EC0-301F-11D3-BF4B-00C04F79EFBC}") = "Modul_16_Tests", "Modul_16_Tests\Modul_16_Tests.csproj", "{3D623FBA-BEEB-46E2-9A63-7557D1FDDEBF}"
	ProjectSection(ProjectDependencies) = postProject
		{1B60E7DF-242E-48FE-88E9-887A751E52C6} = {1B60E7DF-242E-48FE-88E9-887A751E52C6}
	EndProjectSection
EndProject
Global
	GlobalSection(SolutionConfigurationPlatforms) = preSolution
		Debug|Any CPU = Debug|Any CPU
		Release|Any CPU = Release|Any CPU
	EndGlobalSection
	GlobalSection(ProjectConfigurationPlatforms) = postSolution
		{1B60E7DF-242E-48FE-88E9-887A751E52C6}.Debug|Any CPU.ActiveCfg = Debug|Any CPU
		{1B60E7DF-242E-48FE-88E9-887A751E52C6}.Debug|Any CPU.Build.0 = Debug|Any CPU
		{1B60E7DF-242E-48FE-88E9-887A751E52C6}.Release|Any CPU.ActiveCfg = Release|Any CPU
		{1B60E7DF-242E-48FE-88E9-887A751E52C6}.Release|Any CPU.Build.0 = Release|Any CPU
		{3D623FBA-BEEB-46E2-9A63-7557D1FDDEBF}.Debug|Any CPU.ActiveCfg = Debug|Any CPU
		{3D623FBA-BEEB-46E2-9A63-7557D1FDDEBF}.Debug|Any CPU.Build.0 = Debug|Any CPU
		{3D623FBA-BEEB-46E2-9A63-7557D1FDDEBF}.Release|Any CPU.ActiveCfg = Release|Any CPU
		{3D623FBA-BEEB-46E2-9A63-7557D1FDDEBF}.Release|Any CPU.Build.0 = Release|Any CPU
	EndGlobalSection
	GlobalSection(SolutionProperties) = preSolution
		HideSolutionNode = FALSE
	EndGlobalSection
	GlobalSection(ExtensibilityGlobals) = postSolution
		SolutionGuid = {C7B4E92D-B4E4-435D-AF0C-CF910EB75333}
	EndGlobalSection
EndGlobal
